Microsoft Visual Studio Solution File, Format Version 11.00
# Visual Studio 2008

Project("{D47796FF-51E3-716D-E881-63D938DD2998}") = "SistemaSolar2016", "Assembly-CSharp.csproj", "{7E079284-E380-81ED-6891-23BE8D8DC0BF}"
EndProject
Project("{D47796FF-51E3-716D-E881-63D938DD2998}") = "SistemaSolar2016", "Assembly-CSharp-Editor.csproj", "{1F78B108-8AB7-AA20-D096-4B6C934F8039}"
EndProject
Project("{D47796FF-51E3-716D-E881-63D938DD2998}") = "SistemaSolar2016", "Assembly-UnityScript.unityproj", "{59B86A0A-42BF-F8ED-21D6-46F42D98E004}"
EndProject
Global
	GlobalSection(SolutionConfigurationPlatforms) = preSolution
		Debug|Any CPU = Debug|Any CPU
		Release|Any CPU = Release|Any CPU
	EndGlobalSection
	GlobalSection(ProjectConfigurationPlatforms) = postSolution
		{7E079284-E380-81ED-6891-23BE8D8DC0BF}.Debug|Any CPU.ActiveCfg = Debug|Any CPU
		{7E079284-E380-81ED-6891-23BE8D8DC0BF}.Debug|Any CPU.Build.0 = Debug|Any CPU
		{7E079284-E380-81ED-6891-23BE8D8DC0BF}.Release|Any CPU.ActiveCfg = Release|Any CPU
		{7E079284-E380-81ED-6891-23BE8D8DC0BF}.Release|Any CPU.Build.0 = Release|Any CPU
		{1F78B108-8AB7-AA20-D096-4B6C934F8039}.Debug|Any CPU.ActiveCfg = Debug|Any CPU
		{1F78B108-8AB7-AA20-D096-4B6C934F8039}.Debug|Any CPU.Build.0 = Debug|Any CPU
		{1F78B108-8AB7-AA20-D096-4B6C934F8039}.Release|Any CPU.ActiveCfg = Release|Any CPU
		{1F78B108-8AB7-AA20-D096-4B6C934F8039}.Release|Any CPU.Build.0 = Release|Any CPU
		{59B86A0A-42BF-F8ED-21D6-46F42D98E004}.Debug|Any CPU.ActiveCfg = Debug|Any CPU
		{59B86A0A-42BF-F8ED-21D6-46F42D98E004}.Debug|Any CPU.Build.0 = Debug|Any CPU
		{59B86A0A-42BF-F8ED-21D6-46F42D98E004}.Release|Any CPU.ActiveCfg = Release|Any CPU
		{59B86A0A-42BF-F8ED-21D6-46F42D98E004}.Release|Any CPU.Build.0 = Release|Any CPU
	EndGlobalSection
	GlobalSection(SolutionProperties) = preSolution
		HideSolutionNode = FALSE
	EndGlobalSection
	GlobalSection(MonoDevelopProperties) = preSolution
		StartupItem = Assembly-CSharp.csproj
	EndGlobalSection
EndGlobal
